
Microsoft Visual Studio Solution File, Format Version 12.00
# Visual Studio 14
VisualStudioVersion = 14.0.25420.1
MinimumVisualStudioVersion = 10.0.40219.1
Project("{FAE04EC0-301F-11D3-BF4B-00C04F79EFBC}") = "FoursquareDemo", "FoursquareDemo\FoursquareDemo\FoursquareDemo.csproj", "{C0A39524-DEFB-4ED8-8B5B-68029871DCB9}"
EndProject
Project("{FAE04EC0-301F-11D3-BF4B-00C04F79EFBC}") = "FoursquareDemo.Droid", "FoursquareDemo\FoursquareDemo.Droid\FoursquareDemo.Droid.csproj", "{4CC18728-BC32-4603-A6D2-03F7E3D08DB0}"
EndProject
Project("{FAE04EC0-301F-11D3-BF4B-00C04F79EFBC}") = "FoursquareDemo.iOS", "FoursquareDemo\FoursquareDemo.iOS\FoursquareDemo.iOS.csproj", "{4E08C2B6-6326-4EFE-8CD8-23C01D9DDA2B}"
EndProject
Project("{FAE04EC0-301F-11D3-BF4B-00C04F79EFBC}") = "FoursquareDemo.WinPhone", "FoursquareDemo\FoursquareDemo.WinPhone\FoursquareDemo.WinPhone.csproj", "{805113CA-BAC0-44BE-9C01-C7803CE85A0F}"
EndProject
Project("{FAE04EC0-301F-11D3-BF4B-00C04F79EFBC}") = "FoursquareDemo.UWP", "FoursquareDemo\FoursquareDemo.UWP\FoursquareDemo.UWP.csproj", "{279D010F-C963-4581-A8B9-41A631185726}"
EndProject
Project("{FAE04EC0-301F-11D3-BF4B-00C04F79EFBC}") = "FoursquareDemo.Windows", "FoursquareDemo\FoursquareDemo.Windows\FoursquareDemo.Windows.csproj", "{4127BB4B-5D60-402F-881F-BE44174178B9}"
EndProject
Global
	GlobalSection(SolutionConfigurationPlatforms) = preSolution
		Ad-Hoc|Any CPU = Ad-Hoc|Any CPU
		Ad-Hoc|ARM = Ad-Hoc|ARM
		Ad-Hoc|iPhone = Ad-Hoc|iPhone
		Ad-Hoc|iPhoneSimulator = Ad-Hoc|iPhoneSimulator
		Ad-Hoc|x64 = Ad-Hoc|x64
		Ad-Hoc|x86 = Ad-Hoc|x86
		AppStore|Any CPU = AppStore|Any CPU
		AppStore|ARM = AppStore|ARM
		AppStore|iPhone = AppStore|iPhone
		AppStore|iPhoneSimulator = AppStore|iPhoneSimulator
		AppStore|x64 = AppStore|x64
		AppStore|x86 = AppStore|x86
		Debug|Any CPU = Debug|Any CPU
		Debug|ARM = Debug|ARM
		Debug|iPhone = Debug|iPhone
		Debug|iPhoneSimulator = Debug|iPhoneSimulator
		Debug|x64 = Debug|x64
		Debug|x86 = Debug|x86
		Release|Any CPU = Release|Any CPU
		Release|ARM = Release|ARM
		Release|iPhone = Release|iPhone
		Release|iPhoneSimulator = Release|iPhoneSimulator
		Release|x64 = Release|x64
		Release|x86 = Release|x86
	EndGlobalSection
	GlobalSection(ProjectConfigurationPlatforms) = postSolution
		{C0A39524-DEFB-4ED8-8B5B-68029871DCB9}.Ad-Hoc|Any CPU.ActiveCfg = Release|Any CPU
		{C0A39524-DEFB-4ED8-8B5B-68029871DCB9}.Ad-Hoc|Any CPU.Build.0 = Release|Any CPU
		{C0A39524-DEFB-4ED8-8B5B-68029871DCB9}.Ad-Hoc|ARM.ActiveCfg = Release|Any CPU
		{C0A39524-DEFB-4ED8-8B5B-68029871DCB9}.Ad-Hoc|ARM.Build.0 = Release|Any CPU
		{C0A39524-DEFB-4ED8-8B5B-68029871DCB9}.Ad-Hoc|iPhone.ActiveCfg = Release|Any CPU
		{C0A39524-DEFB-4ED8-8B5B-68029871DCB9}.Ad-Hoc|iPhone.Build.0 = Release|Any CPU
		{C0A39524-DEFB-4ED8-8B5B-68029871DCB9}.Ad-Hoc|iPhoneSimulator.ActiveCfg = Release|Any CPU
		{C0A39524-DEFB-4ED8-8B5B-68029871DCB9}.Ad-Hoc|iPhoneSimulator.Build.0 = Release|Any CPU
		{C0A39524-DEFB-4ED8-8B5B-68029871DCB9}.Ad-Hoc|x64.ActiveCfg = Release|Any CPU
		{C0A39524-DEFB-4ED8-8B5B-68029871DCB9}.Ad-Hoc|x64.Build.0 = Release|Any CPU
		{C0A39524-DEFB-4ED8-8B5B-68029871DCB9}.Ad-Hoc|x86.ActiveCfg = Release|Any CPU
		{C0A39524-DEFB-4ED8-8B5B-68029871DCB9}.Ad-Hoc|x86.Build.0 = Release|Any CPU
		{C0A39524-DEFB-4ED8-8B5B-68029871DCB9}.AppStore|Any CPU.ActiveCfg = Release|Any CPU
		{C0A39524-DEFB-4ED8-8B5B-68029871DCB9}.AppStore|Any CPU.Build.0 = Release|Any CPU
		{C0A39524-DEFB-4ED8-8B5B-68029871DCB9}.AppStore|ARM.ActiveCfg = Release|Any CPU
		{C0A39524-DEFB-4ED8-8B5B-68029871DCB9}.AppStore|ARM.Build.0 = Release|Any CPU
		{C0A39524-DEFB-4ED8-8B5B-68029871DCB9}.AppStore|iPhone.ActiveCfg = Release|Any CPU
		{C0A39524-DEFB-4ED8-8B5B-68029871DCB9}.AppStore|iPhone.Build.0 = Release|Any CPU
		{C0A39524-DEFB-4ED8-8B5B-68029871DCB9}.AppStore|iPhoneSimulator.ActiveCfg = Release|Any CPU
		{C0A39524-DEFB-4ED8-8B5B-68029871DCB9}.AppStore|iPhoneSimulator.Build.0 = Release|Any CPU
		{C0A39524-DEFB-4ED8-8B5B-68029871DCB9}.AppStore|x64.ActiveCfg = Release|Any CPU
		{C0A39524-DEFB-4ED8-8B5B-68029871DCB9}.AppStore|x64.Build.0 = Release|Any CPU
		{C0A39524-DEFB-4ED8-8B5B-68029871DCB9}.AppStore|x86.ActiveCfg = Release|Any CPU
		{C0A39524-DEFB-4ED8-8B5B-68029871DCB9}.AppStore|x86.Build.0 = Release|Any CPU
		{C0A39524-DEFB-4ED8-8B5B-68029871DCB9}.Debug|Any CPU.ActiveCfg = Debug|Any CPU
		{C0A39524-DEFB-4ED8-8B5B-68029871DCB9}.Debug|Any CPU.Build.0 = Debug|Any CPU
		{C0A39524-DEFB-4ED8-8B5B-68029871DCB9}.Debug|ARM.ActiveCfg = Debug|Any CPU
		{C0A39524-DEFB-4ED8-8B5B-68029871DCB9}.Debug|ARM.Build.0 = Debug|Any CPU
		{C0A39524-DEFB-4ED8-8B5B-68029871DCB9}.Debug|iPhone.ActiveCfg = Debug|Any CPU
		{C0A39524-DEFB-4ED8-8B5B-68029871DCB9}.Debug|iPhone.Build.0 = Debug|Any CPU
		{C0A39524-DEFB-4ED8-8B5B-68029871DCB9}.Debug|iPhoneSimulator.ActiveCfg = Debug|Any CPU
		{C0A39524-DEFB-4ED8-8B5B-68029871DCB9}.Debug|iPhoneSimulator.Build.0 = Debug|Any CPU
		{C0A39524-DEFB-4ED8-8B5B-68029871DCB9}.Debug|x64.ActiveCfg = Debug|Any CPU
		{C0A39524-DEFB-4ED8-8B5B-68029871DCB9}.Debug|x64.Build.0 = Debug|Any CPU
		{C0A39524-DEFB-4ED8-8B5B-68029871DCB9}.Debug|x86.ActiveCfg = Debug|Any CPU
		{C0A39524-DEFB-4ED8-8B5B-68029871DCB9}.Debug|x86.Build.0 = Debug|Any CPU
		{C0A39524-DEFB-4ED8-8B5B-68029871DCB9}.Release|Any CPU.ActiveCfg = Release|Any CPU
		{C0A39524-DEFB-4ED8-8B5B-68029871DCB9}.Release|Any CPU.Build.0 = Release|Any CPU
		{C0A39524-DEFB-4ED8-8B5B-68029871DCB9}.Release|ARM.ActiveCfg = Release|Any CPU
		{C0A39524-DEFB-4ED8-8B5B-68029871DCB9}.Release|ARM.Build.0 = Release|Any CPU
		{C0A39524-DEFB-4ED8-8B5B-68029871DCB9}.Release|iPhone.ActiveCfg = Release|Any CPU
		{C0A39524-DEFB-4ED8-8B5B-68029871DCB9}.Release|iPhone.Build.0 = Release|Any CPU
		{C0A39524-DEFB-4ED8-8B5B-68029871DCB9}.Release|iPhoneSimulator.ActiveCfg = Release|Any CPU
		{C0A39524-DEFB-4ED8-8B5B-68029871DCB9}.Release|iPhoneSimulator.Build.0 = Release|Any CPU
		{C0A39524-DEFB-4ED8-8B5B-68029871DCB9}.Release|x64.ActiveCfg = Release|Any CPU
		{C0A39524-DEFB-4ED8-8B5B-68029871DCB9}.Release|x64.Build.0 = Release|Any CPU
		{C0A39524-DEFB-4ED8-8B5B-68029871DCB9}.Release|x86.ActiveCfg = Release|Any CPU
		{C0A39524-DEFB-4ED8-8B5B-68029871DCB9}.Release|x86.Build.0 = Release|Any CPU
		{4CC18728-BC32-4603-A6D2-03F7E3D08DB0}.Ad-Hoc|Any CPU.ActiveCfg = Release|Any CPU
		{4CC18728-BC32-4603-A6D2-03F7E3D08DB0}.Ad-Hoc|Any CPU.Build.0 = Release|Any CPU
		{4CC18728-BC32-4603-A6D2-03F7E3D08DB0}.Ad-Hoc|Any CPU.Deploy.0 = Release|Any CPU
		{4CC18728-BC32-4603-A6D2-03F7E3D08DB0}.Ad-Hoc|ARM.ActiveCfg = Release|Any CPU
		{4CC18728-BC32-4603-A6D2-03F7E3D08DB0}.Ad-Hoc|ARM.Build.0 = Release|Any CPU
		{4CC18728-BC32-4603-A6D2-03F7E3D08DB0}.Ad-Hoc|ARM.Deploy.0 = Release|Any CPU
		{4CC18728-BC32-4603-A6D2-03F7E3D08DB0}.Ad-Hoc|iPhone.ActiveCfg = Release|Any CPU
		{4CC18728-BC32-4603-A6D2-03F7E3D08DB0}.Ad-Hoc|iPhone.Build.0 = Release|Any CPU
		{4CC18728-BC32-4603-A6D2-03F7E3D08DB0}.Ad-Hoc|iPhone.Deploy.0 = Release|Any CPU
		{4CC18728-BC32-4603-A6D2-03F7E3D08DB0}.Ad-Hoc|iPhoneSimulator.ActiveCfg = Release|Any CPU
		{4CC18728-BC32-4603-A6D2-03F7E3D08DB0}.Ad-Hoc|iPhoneSimulator.Build.0 = Release|Any CPU
		{4CC18728-BC32-4603-A6D2-03F7E3D08DB0}.Ad-Hoc|iPhoneSimulator.Deploy.0 = Release|Any CPU
		{4CC18728-BC32-4603-A6D2-03F7E3D08DB0}.Ad-Hoc|x64.ActiveCfg = Release|Any CPU
		{4CC18728-BC32-4603-A6D2-03F7E3D08DB0}.Ad-Hoc|x64.Build.0 = Release|Any CPU
		{4CC18728-BC32-4603-A6D2-03F7E3D08DB0}.Ad-Hoc|x64.Deploy.0 = Release|Any CPU
		{4CC18728-BC32-4603-A6D2-03F7E3D08DB0}.Ad-Hoc|x86.ActiveCfg = Release|Any CPU
		{4CC18728-BC32-4603-A6D2-03F7E3D08DB0}.Ad-Hoc|x86.Build.0 = Release|Any CPU
		{4CC18728-BC32-4603-A6D2-03F7E3D08DB0}.Ad-Hoc|x86.Deploy.0 = Release|Any CPU
		{4CC18728-BC32-4603-A6D2-03F7E3D08DB0}.AppStore|Any CPU.ActiveCfg = Release|Any CPU
		{4CC18728-BC32-4603-A6D2-03F7E3D08DB0}.AppStore|Any CPU.Build.0 = Release|Any CPU
		{4CC18728-BC32-4603-A6D2-03F7E3D08DB0}.AppStore|Any CPU.Deploy.0 = Release|Any CPU
		{4CC18728-BC32-4603-A6D2-03F7E3D08DB0}.AppStore|ARM.ActiveCfg = Release|Any CPU
		{4CC18728-BC32-4603-A6D2-03F7E3D08DB0}.AppStore|ARM.Build.0 = Release|Any CPU
		{4CC18728-BC32-4603-A6D2-03F7E3D08DB0}.AppStore|ARM.Deploy.0 = Release|Any CPU
		{4CC18728-BC32-4603-A6D2-03F7E3D08DB0}.AppStore|iPhone.ActiveCfg = Release|Any CPU
		{4CC18728-BC32-4603-A6D2-03F7E3D08DB0}.AppStore|iPhone.Build.0 = Release|Any CPU
		{4CC18728-BC32-4603-A6D2-03F7E3D08DB0}.AppStore|iPhone.Deploy.0 = Release|Any CPU
		{4CC18728-BC32-4603-A6D2-03F7E3D08DB0}.AppStore|iPhoneSimulator.ActiveCfg = Release|Any CPU
		{4CC18728-BC32-4603-A6D2-03F7E3D08DB0}.AppStore|iPhoneSimulator.Build.0 = Release|Any CPU
		{4CC18728-BC32-4603-A6D2-03F7E3D08DB0}.AppStore|iPhoneSimulator.Deploy.0 = Release|Any CPU
		{4CC18728-BC32-4603-A6D2-03F7E3D08DB0}.AppStore|x64.ActiveCfg = Release|Any CPU
		{4CC18728-BC32-4603-A6D2-03F7E3D08DB0}.AppStore|x64.Build.0 = Release|Any CPU
		{4CC18728-BC32-4603-A6D2-03F7E3D08DB0}.AppStore|x64.Deploy.0 = Release|Any CPU
		{4CC18728-BC32-4603-A6D2-03F7E3D08DB0}.AppStore|x86.ActiveCfg = Release|Any CPU
		{4CC18728-BC32-4603-A6D2-03F7E3D08DB0}.AppStore|x86.Build.0 = Release|Any CPU
		{4CC18728-BC32-4603-A6D2-03F7E3D08DB0}.AppStore|x86.Deploy.0 = Release|Any CPU
		{4CC18728-BC32-4603-A6D2-03F7E3D08DB0}.Debug|Any CPU.ActiveCfg = Debug|Any CPU
		{4CC18728-BC32-4603-A6D2-03F7E3D08DB0}.Debug|Any CPU.Build.0 = Debug|Any CPU
		{4CC18728-BC32-4603-A6D2-03F7E3D08DB0}.Debug|Any CPU.Deploy.0 = Debug|Any CPU
		{4CC18728-BC32-4603-A6D2-03F7E3D08DB0}.Debug|ARM.ActiveCfg = Debug|Any CPU
		{4CC18728-BC32-4603-A6D2-03F7E3D08DB0}.Debug|ARM.Build.0 = Debug|Any CPU
		{4CC18728-BC32-4603-A6D2-03F7E3D08DB0}.Debug|ARM.Deploy.0 = Debug|Any CPU
		{4CC18728-BC32-4603-A6D2-03F7E3D08DB0}.Debug|iPhone.ActiveCfg = Debug|Any CPU
		{4CC18728-BC32-4603-A6D2-03F7E3D08DB0}.Debug|iPhone.Build.0 = Debug|Any CPU
		{4CC18728-BC32-4603-A6D2-03F7E3D08DB0}.Debug|iPhone.Deploy.0 = Debug|Any CPU
		{4CC18728-BC32-4603-A6D2-03F7E3D08DB0}.Debug|iPhoneSimulator.ActiveCfg = Debug|Any CPU
		{4CC18728-BC32-4603-A6D2-03F7E3D08DB0}.Debug|iPhoneSimulator.Build.0 = Debug|Any CPU
		{4CC18728-BC32-4603-A6D2-03F7E3D08DB0}.Debug|iPhoneSimulator.Deploy.0 = Debug|Any CPU
		{4CC18728-BC32-4603-A6D2-03F7E3D08DB0}.Debug|x64.ActiveCfg = Debug|Any CPU
		{4CC18728-BC32-4603-A6D2-03F7E3D08DB0}.Debug|x64.Build.0 = Debug|Any CPU
		{4CC18728-BC32-4603-A6D2-03F7E3D08DB0}.Debug|x64.Deploy.0 = Debug|Any CPU
		{4CC18728-BC32-4603-A6D2-03F7E3D08DB0}.Debug|x86.ActiveCfg = Debug|Any CPU
		{4CC18728-BC32-4603-A6D2-03F7E3D08DB0}.Debug|x86.Build.0 = Debug|Any CPU
		{4CC18728-BC32-4603-A6D2-03F7E3D08DB0}.Debug|x86.Deploy.0 = Debug|Any CPU
		{4CC18728-BC32-4603-A6D2-03F7E3D08DB0}.Release|Any CPU.ActiveCfg = Release|Any CPU
		{4CC18728-BC32-4603-A6D2-03F7E3D08DB0}.Release|Any CPU.Build.0 = Release|Any CPU
		{4CC18728-BC32-4603-A6D2-03F7E3D08DB0}.Release|Any CPU.Deploy.0 = Release|Any CPU
		{4CC18728-BC32-4603-A6D2-03F7E3D08DB0}.Release|ARM.ActiveCfg = Release|Any CPU
		{4CC18728-BC32-4603-A6D2-03F7E3D08DB0}.Release|ARM.Build.0 = Release|Any CPU
		{4CC18728-BC32-4603-A6D2-03F7E3D08DB0}.Release|ARM.Deploy.0 = Release|Any CPU
		{4CC18728-BC32-4603-A6D2-03F7E3D08DB0}.Release|iPhone.ActiveCfg = Release|Any CPU
		{4CC18728-BC32-4603-A6D2-03F7E3D08DB0}.Release|iPhone.Build.0 = Release|Any CPU
		{4CC18728-BC32-4603-A6D2-03F7E3D08DB0}.Release|iPhone.Deploy.0 = Release|Any CPU
		{4CC18728-BC32-4603-A6D2-03F7E3D08DB0}.Release|iPhoneSimulator.ActiveCfg = Release|Any CPU
		{4CC18728-BC32-4603-A6D2-03F7E3D08DB0}.Release|iPhoneSimulator.Build.0 = Release|Any CPU
		{4CC18728-BC32-4603-A6D2-03F7E3D08DB0}.Release|iPhoneSimulator.Deploy.0 = Release|Any CPU
		{4CC18728-BC32-4603-A6D2-03F7E3D08DB0}.Release|x64.ActiveCfg = Release|Any CPU
		{4CC18728-BC32-4603-A6D2-03F7E3D08DB0}.Release|x64.Build.0 = Release|Any CPU
		{4CC18728-BC32-4603-A6D2-03F7E3D08DB0}.Release|x64.Deploy.0 = Release|Any CPU
		{4CC18728-BC32-4603-A6D2-03F7E3D08DB0}.Release|x86.ActiveCfg = Release|Any CPU
		{4CC18728-BC32-4603-A6D2-03F7E3D08DB0}.Release|x86.Build.0 = Release|Any CPU
		{4CC18728-BC32-4603-A6D2-03F7E3D08DB0}.Release|x86.Deploy.0 = Release|Any CPU
		{4E08C2B6-6326-4EFE-8CD8-23C01D9DDA2B}.Ad-Hoc|Any CPU.ActiveCfg = Ad-Hoc|iPhone
		{4E08C2B6-6326-4EFE-8CD8-23C01D9DDA2B}.Ad-Hoc|ARM.ActiveCfg = Ad-Hoc|iPhone
		{4E08C2B6-6326-4EFE-8CD8-23C01D9DDA2B}.Ad-Hoc|iPhone.ActiveCfg = Ad-Hoc|iPhone
		{4E08C2B6-6326-4EFE-8CD8-23C01D9DDA2B}.Ad-Hoc|iPhone.Build.0 = Ad-Hoc|iPhone
		{4E08C2B6-6326-4EFE-8CD8-23C01D9DDA2B}.Ad-Hoc|iPhoneSimulator.ActiveCfg = Ad-Hoc|iPhoneSimulator
		{4E08C2B6-6326-4EFE-8CD8-23C01D9DDA2B}.Ad-Hoc|iPhoneSimulator.Build.0 = Ad-Hoc|iPhoneSimulator
		{4E08C2B6-6326-4EFE-8CD8-23C01D9DDA2B}.Ad-Hoc|x64.ActiveCfg = Ad-Hoc|iPhone
		{4E08C2B6-6326-4EFE-8CD8-23C01D9DDA2B}.Ad-Hoc|x86.ActiveCfg = Ad-Hoc|iPhone
		{4E08C2B6-6326-4EFE-8CD8-23C01D9DDA2B}.AppStore|Any CPU.ActiveCfg = AppStore|iPhone
		{4E08C2B6-6326-4EFE-8CD8-23C01D9DDA2B}.AppStore|ARM.ActiveCfg = AppStore|iPhone
		{4E08C2B6-6326-4EFE-8CD8-23C01D9DDA2B}.AppStore|iPhone.ActiveCfg = AppStore|iPhone
		{4E08C2B6-6326-4EFE-8CD8-23C01D9DDA2B}.AppStore|iPhone.Build.0 = AppStore|iPhone
		{4E08C2B6-6326-4EFE-8CD8-23C01D9DDA2B}.AppStore|iPhoneSimulator.ActiveCfg = AppStore|iPhoneSimulator
		{4E08C2B6-6326-4EFE-8CD8-23C01D9DDA2B}.AppStore|iPhoneSimulator.Build.0 = AppStore|iPhoneSimulator
		{4E08C2B6-6326-4EFE-8CD8-23C01D9DDA2B}.AppStore|x64.ActiveCfg = AppStore|iPhone
		{4E08C2B6-6326-4EFE-8CD8-23C01D9DDA2B}.AppStore|x86.ActiveCfg = AppStore|iPhone
		{4E08C2B6-6326-4EFE-8CD8-23C01D9DDA2B}.Debug|Any CPU.ActiveCfg = Debug|iPhone
		{4E08C2B6-6326-4EFE-8CD8-23C01D9DDA2B}.Debug|ARM.ActiveCfg = Debug|iPhone
		{4E08C2B6-6326-4EFE-8CD8-23C01D9DDA2B}.Debug|iPhone.ActiveCfg = Debug|iPhone
		{4E08C2B6-6326-4EFE-8CD8-23C01D9DDA2B}.Debug|iPhone.Build.0 = Debug|iPhone
		{4E08C2B6-6326-4EFE-8CD8-23C01D9DDA2B}.Debug|iPhoneSimulator.ActiveCfg = Debug|iPhoneSimulator
		{4E08C2B6-6326-4EFE-8CD8-23C01D9DDA2B}.Debug|iPhoneSimulator.Build.0 = Debug|iPhoneSimulator
		{4E08C2B6-6326-4EFE-8CD8-23C01D9DDA2B}.Debug|x64.ActiveCfg = Debug|iPhone
		{4E08C2B6-6326-4EFE-8CD8-23C01D9DDA2B}.Debug|x86.ActiveCfg = Debug|iPhone
		{4E08C2B6-6326-4EFE-8CD8-23C01D9DDA2B}.Release|Any CPU.ActiveCfg = Release|iPhone
		{4E08C2B6-6326-4EFE-8CD8-23C01D9DDA2B}.Release|ARM.ActiveCfg = Release|iPhone
		{4E08C2B6-6326-4EFE-8CD8-23C01D9DDA2B}.Release|iPhone.ActiveCfg = Release|iPhone
		{4E08C2B6-6326-4EFE-8CD8-23C01D9DDA2B}.Release|iPhone.Build.0 = Release|iPhone
		{4E08C2B6-6326-4EFE-8CD8-23C01D9DDA2B}.Release|iPhoneSimulator.ActiveCfg = Release|iPhoneSimulator
		{4E08C2B6-6326-4EFE-8CD8-23C01D9DDA2B}.Release|iPhoneSimulator.Build.0 = Release|iPhoneSimulator
		{4E08C2B6-6326-4EFE-8CD8-23C01D9DDA2B}.Release|x64.ActiveCfg = Release|iPhone
		{4E08C2B6-6326-4EFE-8CD8-23C01D9DDA2B}.Release|x86.ActiveCfg = Release|iPhone
		{805113CA-BAC0-44BE-9C01-C7803CE85A0F}.Ad-Hoc|Any CPU.ActiveCfg = Release|Any CPU
		{805113CA-BAC0-44BE-9C01-C7803CE85A0F}.Ad-Hoc|Any CPU.Build.0 = Release|Any CPU
		{805113CA-BAC0-44BE-9C01-C7803CE85A0F}.Ad-Hoc|Any CPU.Deploy.0 = Release|Any CPU
		{805113CA-BAC0-44BE-9C01-C7803CE85A0F}.Ad-Hoc|ARM.ActiveCfg = Release|ARM
		{805113CA-BAC0-44BE-9C01-C7803CE85A0F}.Ad-Hoc|ARM.Build.0 = Release|ARM
		{805113CA-BAC0-44BE-9C01-C7803CE85A0F}.Ad-Hoc|ARM.Deploy.0 = Release|ARM
		{805113CA-BAC0-44BE-9C01-C7803CE85A0F}.Ad-Hoc|iPhone.ActiveCfg = Release|Any CPU
		{805113CA-BAC0-44BE-9C01-C7803CE85A0F}.Ad-Hoc|iPhone.Build.0 = Release|Any CPU
		{805113CA-BAC0-44BE-9C01-C7803CE85A0F}.Ad-Hoc|iPhone.Deploy.0 = Release|Any CPU
		{805113CA-BAC0-44BE-9C01-C7803CE85A0F}.Ad-Hoc|iPhoneSimulator.ActiveCfg = Release|Any CPU
		{805113CA-BAC0-44BE-9C01-C7803CE85A0F}.Ad-Hoc|iPhoneSimulator.Build.0 = Release|Any CPU
		{805113CA-BAC0-44BE-9C01-C7803CE85A0F}.Ad-Hoc|iPhoneSimulator.Deploy.0 = Release|Any CPU
		{805113CA-BAC0-44BE-9C01-C7803CE85A0F}.Ad-Hoc|x64.ActiveCfg = Release|Any CPU
		{805113CA-BAC0-44BE-9C01-C7803CE85A0F}.Ad-Hoc|x64.Build.0 = Release|Any CPU
		{805113CA-BAC0-44BE-9C01-C7803CE85A0F}.Ad-Hoc|x64.Deploy.0 = Release|Any CPU
		{805113CA-BAC0-44BE-9C01-C7803CE85A0F}.Ad-Hoc|x86.ActiveCfg = Release|x86
		{805113CA-BAC0-44BE-9C01-C7803CE85A0F}.Ad-Hoc|x86.Build.0 = Release|x86
		{805113CA-BAC0-44BE-9C01-C7803CE85A0F}.Ad-Hoc|x86.Deploy.0 = Release|x86
		{805113CA-BAC0-44BE-9C01-C7803CE85A0F}.AppStore|Any CPU.ActiveCfg = Release|Any CPU
		{805113CA-BAC0-44BE-9C01-C7803CE85A0F}.AppStore|Any CPU.Build.0 = Release|Any CPU
		{805113CA-BAC0-44BE-9C01-C7803CE85A0F}.AppStore|Any CPU.Deploy.0 = Release|Any CPU
		{805113CA-BAC0-44BE-9C01-C7803CE85A0F}.AppStore|ARM.ActiveCfg = Release|ARM
		{805113CA-BAC0-44BE-9C01-C7803CE85A0F}.AppStore|ARM.Build.0 = Release|ARM
		{805113CA-BAC0-44BE-9C01-C7803CE85A0F}.AppStore|ARM.Deploy.0 = Release|ARM
		{805113CA-BAC0-44BE-9C01-C7803CE85A0F}.AppStore|iPhone.ActiveCfg = Release|Any CPU
		{805113CA-BAC0-44BE-9C01-C7803CE85A0F}.AppStore|iPhone.Build.0 = Release|Any CPU
		{805113CA-BAC0-44BE-9C01-C7803CE85A0F}.AppStore|iPhone.Deploy.0 = Release|Any CPU
		{805113CA-BAC0-44BE-9C01-C7803CE85A0F}.AppStore|iPhoneSimulator.ActiveCfg = Release|Any CPU
		{805113CA-BAC0-44BE-9C01-C7803CE85A0F}.AppStore|iPhoneSimulator.Build.0 = Release|Any CPU
		{805113CA-BAC0-44BE-9C01-C7803CE85A0F}.AppStore|iPhoneSimulator.Deploy.0 = Release|Any CPU
		{805113CA-BAC0-44BE-9C01-C7803CE85A0F}.AppStore|x64.ActiveCfg = Release|Any CPU
		{805113CA-BAC0-44BE-9C01-C7803CE85A0F}.AppStore|x64.Build.0 = Release|Any CPU
		{805113CA-BAC0-44BE-9C01-C7803CE85A0F}.AppStore|x64.Deploy.0 = Release|Any CPU
		{805113CA-BAC0-44BE-9C01-C7803CE85A0F}.AppStore|x86.ActiveCfg = Release|x86
		{805113CA-BAC0-44BE-9C01-C7803CE85A0F}.AppStore|x86.Build.0 = Release|x86
		{805113CA-BAC0-44BE-9C01-C7803CE85A0F}.AppStore|x86.Deploy.0 = Release|x86
		{805113CA-BAC0-44BE-9C01-C7803CE85A0F}.Debug|Any CPU.ActiveCfg = Debug|Any CPU
		{805113CA-BAC0-44BE-9C01-C7803CE85A0F}.Debug|Any CPU.Build.0 = Debug|Any CPU
		{805113CA-BAC0-44BE-9C01-C7803CE85A0F}.Debug|Any CPU.Deploy.0 = Debug|Any CPU
		{805113CA-BAC0-44BE-9C01-C7803CE85A0F}.Debug|ARM.ActiveCfg = Debug|ARM
		{805113CA-BAC0-44BE-9C01-C7803CE85A0F}.Debug|ARM.Build.0 = Debug|ARM
		{805113CA-BAC0-44BE-9C01-C7803CE85A0F}.Debug|ARM.Deploy.0 = Debug|ARM
		{805113CA-BAC0-44BE-9C01-C7803CE85A0F}.Debug|iPhone.ActiveCfg = Debug|Any CPU
		{805113CA-BAC0-44BE-9C01-C7803CE85A0F}.Debug|iPhone.Build.0 = Debug|Any CPU
		{805113CA-BAC0-44BE-9C01-C7803CE85A0F}.Debug|iPhone.Deploy.0 = Debug|Any CPU
		{805113CA-BAC0-44BE-9C01-C7803CE85A0F}.Debug|iPhoneSimulator.ActiveCfg = Debug|Any CPU
		{805113CA-BAC0-44BE-9C01-C7803CE85A0F}.Debug|iPhoneSimulator.Build.0 = Debug|Any CPU
		{805113CA-BAC0-44BE-9C01-C7803CE85A0F}.Debug|iPhoneSimulator.Deploy.0 = Debug|Any CPU
		{805113CA-BAC0-44BE-9C01-C7803CE85A0F}.Debug|x64.ActiveCfg = Debug|Any CPU
		{805113CA-BAC0-44BE-9C01-C7803CE85A0F}.Debug|x64.Build.0 = Debug|Any CPU
		{805113CA-BAC0-44BE-9C01-C7803CE85A0F}.Debug|x64.Deploy.0 = Debug|Any CPU
		{805113CA-BAC0-44BE-9C01-C7803CE85A0F}.Debug|x86.ActiveCfg = Debug|x86
		{805113CA-BAC0-44BE-9C01-C7803CE85A0F}.Debug|x86.Build.0 = Debug|x86
		{805113CA-BAC0-44BE-9C01-C7803CE85A0F}.Debug|x86.Deploy.0 = Debug|x86
		{805113CA-BAC0-44BE-9C01-C7803CE85A0F}.Release|Any CPU.ActiveCfg = Release|Any CPU
		{805113CA-BAC0-44BE-9C01-C7803CE85A0F}.Release|Any CPU.Build.0 = Release|Any CPU
		{805113CA-BAC0-44BE-9C01-C7803CE85A0F}.Release|Any CPU.Deploy.0 = Release|Any CPU
		{805113CA-BAC0-44BE-9C01-C7803CE85A0F}.Release|ARM.ActiveCfg = Release|ARM
		{805113CA-BAC0-44BE-9C01-C7803CE85A0F}.Release|ARM.Build.0 = Release|ARM
		{805113CA-BAC0-44BE-9C01-C7803CE85A0F}.Release|ARM.Deploy.0 = Release|ARM
		{805113CA-BAC0-44BE-9C01-C7803CE85A0F}.Release|iPhone.ActiveCfg = Release|Any CPU
		{805113CA-BAC0-44BE-9C01-C7803CE85A0F}.Release|iPhone.Build.0 = Release|Any CPU
		{805113CA-BAC0-44BE-9C01-C7803CE85A0F}.Release|iPhone.Deploy.0 = Release|Any CPU
		{805113CA-BAC0-44BE-9C01-C7803CE85A0F}.Release|iPhoneSimulator.ActiveCfg = Release|Any CPU
		{805113CA-BAC0-44BE-9C01-C7803CE85A0F}.Release|iPhoneSimulator.Build.0 = Release|Any CPU
		{805113CA-BAC0-44BE-9C01-C7803CE85A0F}.Release|iPhoneSimulator.Deploy.0 = Release|Any CPU
		{805113CA-BAC0-44BE-9C01-C7803CE85A0F}.Release|x64.ActiveCfg = Release|Any CPU
		{805113CA-BAC0-44BE-9C01-C7803CE85A0F}.Release|x64.Build.0 = Release|Any CPU
		{805113CA-BAC0-44BE-9C01-C7803CE85A0F}.Release|x64.Deploy.0 = Release|Any CPU
		{805113CA-BAC0-44BE-9C01-C7803CE85A0F}.Release|x86.ActiveCfg = Release|x86
		{805113CA-BAC0-44BE-9C01-C7803CE85A0F}.Release|x86.Build.0 = Release|x86
		{805113CA-BAC0-44BE-9C01-C7803CE85A0F}.Release|x86.Deploy.0 = Release|x86
		{279D010F-C963-4581-A8B9-41A631185726}.Ad-Hoc|Any CPU.ActiveCfg = Release|x86
		{279D010F-C963-4581-A8B9-41A631185726}.Ad-Hoc|Any CPU.Build.0 = Release|x86
		{279D010F-C963-4581-A8B9-41A631185726}.Ad-Hoc|Any CPU.Deploy.0 = Release|x86
		{279D010F-C963-4581-A8B9-41A631185726}.Ad-Hoc|ARM.ActiveCfg = Release|ARM
		{279D010F-C963-4581-A8B9-41A631185726}.Ad-Hoc|ARM.Build.0 = Release|ARM
		{279D010F-C963-4581-A8B9-41A631185726}.Ad-Hoc|ARM.Deploy.0 = Release|ARM
		{279D010F-C963-4581-A8B9-41A631185726}.Ad-Hoc|iPhone.ActiveCfg = Release|x86
		{279D010F-C963-4581-A8B9-41A631185726}.Ad-Hoc|iPhone.Build.0 = Release|x86
		{279D010F-C963-4581-A8B9-41A631185726}.Ad-Hoc|iPhone.Deploy.0 = Release|x86
		{279D010F-C963-4581-A8B9-41A631185726}.Ad-Hoc|iPhoneSimulator.ActiveCfg = Release|x86
		{279D010F-C963-4581-A8B9-41A631185726}.Ad-Hoc|iPhoneSimulator.Build.0 = Release|x86
		{279D010F-C963-4581-A8B9-41A631185726}.Ad-Hoc|iPhoneSimulator.Deploy.0 = Release|x86
		{279D010F-C963-4581-A8B9-41A631185726}.Ad-Hoc|x64.ActiveCfg = Release|x64
		{279D010F-C963-4581-A8B9-41A631185726}.Ad-Hoc|x64.Build.0 = Release|x64
		{279D010F-C963-4581-A8B9-41A631185726}.Ad-Hoc|x64.Deploy.0 = Release|x64
		{279D010F-C963-4581-A8B9-41A631185726}.Ad-Hoc|x86.ActiveCfg = Release|x86
		{279D010F-C963-4581-A8B9-41A631185726}.Ad-Hoc|x86.Build.0 = Release|x86
		{279D010F-C963-4581-A8B9-41A631185726}.Ad-Hoc|x86.Deploy.0 = Release|x86
		{279D010F-C963-4581-A8B9-41A631185726}.AppStore|Any CPU.ActiveCfg = Release|x86
		{279D010F-C963-4581-A8B9-41A631185726}.AppStore|Any CPU.Build.0 = Release|x86
		{279D010F-C963-4581-A8B9-41A631185726}.AppStore|Any CPU.Deploy.0 = Release|x86
		{279D010F-C963-4581-A8B9-41A631185726}.AppStore|ARM.ActiveCfg = Release|ARM
		{279D010F-C963-4581-A8B9-41A631185726}.AppStore|ARM.Build.0 = Release|ARM
		{279D010F-C963-4581-A8B9-41A631185726}.AppStore|ARM.Deploy.0 = Release|ARM
		{279D010F-C963-4581-A8B9-41A631185726}.AppStore|iPhone.ActiveCfg = Release|x86
		{279D010F-C963-4581-A8B9-41A631185726}.AppStore|iPhone.Build.0 = Release|x86
		{279D010F-C963-4581-A8B9-41A631185726}.AppStore|iPhone.Deploy.0 = Release|x86
		{279D010F-C963-4581-A8B9-41A631185726}.AppStore|iPhoneSimulator.ActiveCfg = Release|x86
		{279D010F-C963-4581-A8B9-41A631185726}.AppStore|iPhoneSimulator.Build.0 = Release|x86
		{279D010F-C963-4581-A8B9-41A631185726}.AppStore|iPhoneSimulator.Deploy.0 = Release|x86
		{279D010F-C963-4581-A8B9-41A631185726}.AppStore|x64.ActiveCfg = Release|x64
		{279D010F-C963-4581-A8B9-41A631185726}.AppStore|x64.Build.0 = Release|x64
		{279D010F-C963-4581-A8B9-41A631185726}.AppStore|x64.Deploy.0 = Release|x64
		{279D010F-C963-4581-A8B9-41A631185726}.AppStore|x86.ActiveCfg = Release|x86
		{279D010F-C963-4581-A8B9-41A631185726}.AppStore|x86.Build.0 = Release|x86
		{279D010F-C963-4581-A8B9-41A631185726}.AppStore|x86.Deploy.0 = Release|x86
		{279D010F-C963-4581-A8B9-41A631185726}.Debug|Any CPU.ActiveCfg = Debug|x86
		{279D010F-C963-4581-A8B9-41A631185726}.Debug|ARM.ActiveCfg = Debug|ARM
		{279D010F-C963-4581-A8B9-41A631185726}.Debug|ARM.Build.0 = Debug|ARM
		{279D010F-C963-4581-A8B9-41A631185726}.Debug|ARM.Deploy.0 = Debug|ARM
		{279D010F-C963-4581-A8B9-41A631185726}.Debug|iPhone.ActiveCfg = Debug|x86
		{279D010F-C963-4581-A8B9-41A631185726}.Debug|iPhoneSimulator.ActiveCfg = Debug|x86
		{279D010F-C963-4581-A8B9-41A631185726}.Debug|x64.ActiveCfg = Debug|x64
		{279D010F-C963-4581-A8B9-41A631185726}.Debug|x64.Build.0 = Debug|x64
		{279D010F-C963-4581-A8B9-41A631185726}.Debug|x64.Deploy.0 = Debug|x64
		{279D010F-C963-4581-A8B9-41A631185726}.Debug|x86.ActiveCfg = Debug|x86
		{279D010F-C963-4581-A8B9-41A631185726}.Debug|x86.Build.0 = Debug|x86
		{279D010F-C963-4581-A8B9-41A631185726}.Debug|x86.Deploy.0 = Debug|x86
		{279D010F-C963-4581-A8B9-41A631185726}.Release|Any CPU.ActiveCfg = Release|x86
		{279D010F-C963-4581-A8B9-41A631185726}.Release|ARM.ActiveCfg = Release|ARM
		{279D010F-C963-4581-A8B9-41A631185726}.Release|ARM.Build.0 = Release|ARM
		{279D010F-C963-4581-A8B9-41A631185726}.Release|ARM.Deploy.0 = Release|ARM
		{279D010F-C963-4581-A8B9-41A631185726}.Release|iPhone.ActiveCfg = Release|x86
		{279D010F-C963-4581-A8B9-41A631185726}.Release|iPhoneSimulator.ActiveCfg = Release|x86
		{279D010F-C963-4581-A8B9-41A631185726}.Release|x64.ActiveCfg = Release|x64
		{279D010F-C963-4581-A8B9-41A631185726}.Release|x64.Build.0 = Release|x64
		{279D010F-C963-4581-A8B9-41A631185726}.Release|x64.Deploy.0 = Release|x64
		{279D010F-C963-4581-A8B9-41A631185726}.Release|x86.ActiveCfg = Release|x86
		{279D010F-C963-4581-A8B9-41A631185726}.Release|x86.Build.0 = Release|x86
		{279D010F-C963-4581-A8B9-41A631185726}.Release|x86.Deploy.0 = Release|x86
		{4127BB4B-5D60-402F-881F-BE44174178B9}.Ad-Hoc|Any CPU.ActiveCfg = Release|Any CPU
		{4127BB4B-5D60-402F-881F-BE44174178B9}.Ad-Hoc|Any CPU.Build.0 = Release|Any CPU
		{4127BB4B-5D60-402F-881F-BE44174178B9}.Ad-Hoc|Any CPU.Deploy.0 = Release|Any CPU
		{4127BB4B-5D60-402F-881F-BE44174178B9}.Ad-Hoc|ARM.ActiveCfg = Release|ARM
		{4127BB4B-5D60-402F-881F-BE44174178B9}.Ad-Hoc|ARM.Build.0 = Release|ARM
		{4127BB4B-5D60-402F-881F-BE44174178B9}.Ad-Hoc|ARM.Deploy.0 = Release|ARM
		{4127BB4B-5D60-402F-881F-BE44174178B9}.Ad-Hoc|iPhone.ActiveCfg = Release|Any CPU
		{4127BB4B-5D60-402F-881F-BE44174178B9}.Ad-Hoc|iPhone.Build.0 = Release|Any CPU
		{4127BB4B-5D60-402F-881F-BE44174178B9}.Ad-Hoc|iPhone.Deploy.0 = Release|Any CPU
		{4127BB4B-5D60-402F-881F-BE44174178B9}.Ad-Hoc|iPhoneSimulator.ActiveCfg = Release|Any CPU
		{4127BB4B-5D60-402F-881F-BE44174178B9}.Ad-Hoc|iPhoneSimulator.Build.0 = Release|Any CPU
		{4127BB4B-5D60-402F-881F-BE44174178B9}.Ad-Hoc|iPhoneSimulator.Deploy.0 = Release|Any CPU
		{4127BB4B-5D60-402F-881F-BE44174178B9}.Ad-Hoc|x64.ActiveCfg = Release|x64
		{4127BB4B-5D60-402F-881F-BE44174178B9}.Ad-Hoc|x64.Build.0 = Release|x64
		{4127BB4B-5D60-402F-881F-BE44174178B9}.Ad-Hoc|x64.Deploy.0 = Release|x64
		{4127BB4B-5D60-402F-881F-BE44174178B9}.Ad-Hoc|x86.ActiveCfg = Release|x86
		{4127BB4B-5D60-402F-881F-BE44174178B9}.Ad-Hoc|x86.Build.0 = Release|x86
		{4127BB4B-5D60-402F-881F-BE44174178B9}.Ad-Hoc|x86.Deploy.0 = Release|x86
		{4127BB4B-5D60-402F-881F-BE44174178B9}.AppStore|Any CPU.ActiveCfg = Release|Any CPU
		{4127BB4B-5D60-402F-881F-BE44174178B9}.AppStore|Any CPU.Build.0 = Release|Any CPU
		{4127BB4B-5D60-402F-881F-BE44174178B9}.AppStore|Any CPU.Deploy.0 = Release|Any CPU
		{4127BB4B-5D60-402F-881F-BE44174178B9}.AppStore|ARM.ActiveCfg = Release|ARM
		{4127BB4B-5D60-402F-881F-BE44174178B9}.AppStore|ARM.Build.0 = Release|ARM
		{4127BB4B-5D60-402F-881F-BE44174178B9}.AppStore|ARM.Deploy.0 = Release|ARM
		{4127BB4B-5D60-402F-881F-BE44174178B9}.AppStore|iPhone.ActiveCfg = Release|Any CPU
		{4127BB4B-5D60-402F-881F-BE44174178B9}.AppStore|iPhone.Build.0 = Release|Any CPU
		{4127BB4B-5D60-402F-881F-BE44174178B9}.AppStore|iPhone.Deploy.0 = Release|Any CPU
		{4127BB4B-5D60-402F-881F-BE44174178B9}.AppStore|iPhoneSimulator.ActiveCfg = Release|Any CPU
		{4127BB4B-5D60-402F-881F-BE44174178B9}.AppStore|iPhoneSimulator.Build.0 = Release|Any CPU
		{4127BB4B-5D60-402F-881F-BE44174178B9}.AppStore|iPhoneSimulator.Deploy.0 = Release|Any CPU
		{4127BB4B-5D60-402F-881F-BE44174178B9}.AppStore|x64.ActiveCfg = Release|x64
		{4127BB4B-5D60-402F-881F-BE44174178B9}.AppStore|x64.Build.0 = Release|x64
		{4127BB4B-5D60-402F-881F-BE44174178B9}.AppStore|x64.Deploy.0 = Release|x64
		{4127BB4B-5D60-402F-881F-BE44174178B9}.AppStore|x86.ActiveCfg = Release|x86
		{4127BB4B-5D60-402F-881F-BE44174178B9}.AppStore|x86.Build.0 = Release|x86
		{4127BB4B-5D60-402F-881F-BE44174178B9}.AppStore|x86.Deploy.0 = Release|x86
		{4127BB4B-5D60-402F-881F-BE44174178B9}.Debug|Any CPU.ActiveCfg = Debug|Any CPU
		{4127BB4B-5D60-402F-881F-BE44174178B9}.Debug|Any CPU.Build.0 = Debug|Any CPU
		{4127BB4B-5D60-402F-881F-BE44174178B9}.Debug|Any CPU.Deploy.0 = Debug|Any CPU
		{4127BB4B-5D60-402F-881F-BE44174178B9}.Debug|ARM.ActiveCfg = Debug|ARM
		{4127BB4B-5D60-402F-881F-BE44174178B9}.Debug|ARM.Build.0 = Debug|ARM
		{4127BB4B-5D60-402F-881F-BE44174178B9}.Debug|ARM.Deploy.0 = Debug|ARM
		{4127BB4B-5D60-402F-881F-BE44174178B9}.Debug|iPhone.ActiveCfg = Debug|Any CPU
		{4127BB4B-5D60-402F-881F-BE44174178B9}.Debug|iPhone.Build.0 = Debug|Any CPU
		{4127BB4B-5D60-402F-881F-BE44174178B9}.Debug|iPhone.Deploy.0 = Debug|Any CPU
		{4127BB4B-5D60-402F-881F-BE44174178B9}.Debug|iPhoneSimulator.ActiveCfg = Debug|Any CPU
		{4127BB4B-5D60-402F-881F-BE44174178B9}.Debug|iPhoneSimulator.Build.0 = Debug|Any CPU
		{4127BB4B-5D60-402F-881F-BE44174178B9}.Debug|iPhoneSimulator.Deploy.0 = Debug|Any CPU
		{4127BB4B-5D60-402F-881F-BE44174178B9}.Debug|x64.ActiveCfg = Debug|x64
		{4127BB4B-5D60-402F-881F-BE44174178B9}.Debug|x64.Build.0 = Debug|x64
		{4127BB4B-5D60-402F-881F-BE44174178B9}.Debug|x64.Deploy.0 = Debug|x64
		{4127BB4B-5D60-402F-881F-BE44174178B9}.Debug|x86.ActiveCfg = Debug|x86
		{4127BB4B-5D60-402F-881F-BE44174178B9}.Debug|x86.Build.0 = Debug|x86
		{4127BB4B-5D60-402F-881F-BE44174178B9}.Debug|x86.Deploy.0 = Debug|x86
		{4127BB4B-5D60-402F-881F-BE44174178B9}.Release|Any CPU.ActiveCfg = Release|Any CPU
		{4127BB4B-5D60-402F-881F-BE44174178B9}.Release|Any CPU.Build.0 = Release|Any CPU
		{4127BB4B-5D60-402F-881F-BE44174178B9}.Release|Any CPU.Deploy.0 = Release|Any CPU
		{4127BB4B-5D60-402F-881F-BE44174178B9}.Release|ARM.ActiveCfg = Release|ARM
		{4127BB4B-5D60-402F-881F-BE44174178B9}.Release|ARM.Build.0 = Release|ARM
		{4127BB4B-5D60-402F-881F-BE44174178B9}.Release|ARM.Deploy.0 = Release|ARM
		{4127BB4B-5D60-402F-881F-BE44174178B9}.Release|iPhone.ActiveCfg = Release|Any CPU
		{4127BB4B-5D60-402F-881F-BE44174178B9}.Release|iPhone.Build.0 = Release|Any CPU
		{4127BB4B-5D60-402F-881F-BE44174178B9}.Release|iPhone.Deploy.0 = Release|Any CPU
		{4127BB4B-5D60-402F-881F-BE44174178B9}.Release|iPhoneSimulator.ActiveCfg = Release|Any CPU
		{4127BB4B-5D60-402F-881F-BE44174178B9}.Release|iPhoneSimulator.Build.0 = Release|Any CPU
		{4127BB4B-5D60-402F-881F-BE44174178B9}.Release|iPhoneSimulator.Deploy.0 = Release|Any CPU
		{4127BB4B-5D60-402F-881F-BE44174178B9}.Release|x64.ActiveCfg = Release|x64
		{4127BB4B-5D60-402F-881F-BE44174178B9}.Release|x64.Build.0 = Release|x64
		{4127BB4B-5D60-402F-881F-BE44174178B9}.Release|x64.Deploy.0 = Release|x64
		{4127BB4B-5D60-402F-881F-BE44174178B9}.Release|x86.ActiveCfg = Release|x86
		{4127BB4B-5D60-402F-881F-BE44174178B9}.Release|x86.Build.0 = Release|x86
		{4127BB4B-5D60-402F-881F-BE44174178B9}.Release|x86.Deploy.0 = Release|x86
	EndGlobalSection
	GlobalSection(SolutionProperties) = preSolution
		HideSolutionNode = FALSE
	EndGlobalSection
EndGlobal
